
Microsoft Visual Studio Solution File, Format Version 12.00
# Visual Studio Version 17
VisualStudioVersion = 17.11.35312.102
MinimumVisualStudioVersion = 10.0.40219.1
Project("{9A19103F-16F7-4668-BE54-9A1E7A4F7556}") = "EcoEnergyPartTwo", "EcoEnergyPartTwo\EcoEnergyPartTwo.csproj", "{6316949D-5342-425D-884C-0E6C1533CECE}"
EndProject
Global
	GlobalSection(SolutionConfigurationPlatforms) = preSolution
		Debug|Any CPU = Debug|Any CPU
		Release|Any CPU = Release|Any CPU
	EndGlobalSection
	GlobalSection(ProjectConfigurationPlatforms) = postSolution
		{6316949D-5342-425D-884C-0E6C1533CECE}.Debug|Any CPU.ActiveCfg = Debug|Any CPU
		{6316949D-5342-425D-884C-0E6C1533CECE}.Debug|Any CPU.Build.0 = Debug|Any CPU
		{6316949D-5342-425D-884C-0E6C1533CECE}.Release|Any CPU.ActiveCfg = Release|Any CPU
		{6316949D-5342-425D-884C-0E6C1533CECE}.Release|Any CPU.Build.0 = Release|Any CPU
	EndGlobalSection
	GlobalSection(SolutionProperties) = preSolution
		HideSolutionNode = FALSE
	EndGlobalSection
	GlobalSection(ExtensibilityGlobals) = postSolution
		SolutionGuid = {B52B4BC8-9BE9-48FA-A8EE-AABCECEF3CF6}
	EndGlobalSection
EndGlobal
